<Solution>
  <Configurations>
    <Platform Name="Any CPU" />
    <Platform Name="x86" />
  </Configurations>
  <Folder Name="/Solution Items/">
    <File Path="azure-pipelines.yml" />
    <File Path="build.defaults.targets" />
    <File Path="README.md" />
  </Folder>
  <Project Path="PrintPlayset/PrintPlayset.csproj" />
  <Project Path="PrintPlaysetLauncher/PrintPlaysetLauncher.csproj" />
</Solution>
